
Microsoft Visual Studio Solution File, Format Version 12.00
# Visual Studio Version 17
VisualStudioVersion = 17.0.32014.148
MinimumVisualStudioVersion = 10.0.40219.1
Project("{FAE04EC0-301F-11D3-BF4B-00C04F79EFBC}") = "CardGame", "CardGame\CardGame.csproj", "{180AE92E-B72D-4038-A655-D82E53348CFC}"
EndProject
Global
	GlobalSection(SolutionConfigurationPlatforms) = preSolution
		Debug|Any CPU = Debug|Any CPU
		Release|Any CPU = Release|Any CPU
	EndGlobalSection
	GlobalSection(ProjectConfigurationPlatforms) = postSolution
		{180AE92E-B72D-4038-A655-D82E53348CFC}.Debug|Any CPU.ActiveCfg = Debug|Any CPU
		{180AE92E-B72D-4038-A655-D82E53348CFC}.Debug|Any CPU.Build.0 = Debug|Any CPU
		{180AE92E-B72D-4038-A655-D82E53348CFC}.Release|Any CPU.ActiveCfg = Release|Any CPU
		{180AE92E-B72D-4038-A655-D82E53348CFC}.Release|Any CPU.Build.0 = Release|Any CPU
	EndGlobalSection
	GlobalSection(SolutionProperties) = preSolution
		HideSolutionNode = FALSE
	EndGlobalSection
	GlobalSection(ExtensibilityGlobals) = postSolution
		SolutionGuid = {08A4CAD7-3F56-4E5D-B289-495F5B4C5739}
	EndGlobalSection
EndGlobal
